# This file is autogenerated, do not edit; changes may be undone by the next 'dep ensure'.


[[projects]]
  digest = "1:70ef8268170621826f8c111ac1674afe75136f526f449453b4a6631c6dba1946"
  name = "github.com/mattn/go-runewidth"
  packages = ["."]
  pruneopts = "NUT"
  revision = "3ee7d812e62a0804a7d0a324e0249ca2db3476d3"
  version = "v0.0.4"

[[projects]]
  branch = "master"
  digest = "1:6022d8987643a603f69616699ba517019b353c0f6fd521372d465f3acbf081d5"
  name = "github.com/nsf/termbox-go"
  packages = ["."]
  pruneopts = "NUT"
  revision = "02980233997d87bbda048393d47b4d453f7a398d"

[solve-meta]
  analyzer-name = "dep"
  analyzer-version = 1
  input-imports = [
    "github.com/mattn/go-runewidth",
    "github.com/nsf/termbox-go",
  ]
  solver-name = "gps-cdcl"
  solver-version = 1
